{
  "name": "clothes",
  "lockfileVersion": 3,
  "requires": true,
  "packages": {
    "": {
      "devDependencies": {
        "@postgres-language-server/cli": "^0.18.0"
      }
    },
    "node_modules/@postgres-language-server/cli": {
      "version": "0.18.0",
      "resolved": "https://registry.npmjs.org/@postgres-language-server/cli/-/cli-0.18.0.tgz",
      "integrity": "sha512-EGbyFnhgCY88lFrytxf0Wl3pE7SGyutsk7ChbrkkjCjsdoZeSvxJ6XPFJtr8WGn9zcySoU+p0T4sBaujY+AIhg==",
      "dev": true,
      "license": "MIT or Apache-2.0",
      "bin": {
        "postgres-language-server": "bin/postgres-language-server"
      },
      "engines": {
        "node": ">=20"
      },
      "optionalDependencies": {
        "@postgres-language-server/cli-aarch64-apple-darwin": "0.18.0",
        "@postgres-language-server/cli-aarch64-linux-gnu": "0.18.0",
        "@postgres-language-server/cli-aarch64-windows-msvc": "0.18.0",
        "@postgres-language-server/cli-x86_64-apple-darwin": "0.18.0",
        "@postgres-language-server/cli-x86_64-linux-gnu": "0.18.0",
        "@postgres-language-server/cli-x86_64-linux-musl": "0.18.0",
        "@postgres-language-server/cli-x86_64-windows-msvc": "0.18.0"
      }
    },
    "node_modules/@postgres-language-server/cli-aarch64-apple-darwin": {
      "version": "0.18.0",
      "resolved": "https://registry.npmjs.org/@postgres-language-server/cli-aarch64-apple-darwin/-/cli-aarch64-apple-darwin-0.18.0.tgz",
      "integrity": "sha512-2OaYqXmdtOHc/aJMV8Q6BL6bzxbNLhQYtwlS8W/nQ7BejYKgGRalG12m6TMdRshuwR5arCme071yWCLVikckyg==",
      "cpu": [
        "arm64"
      ],
      "dev": true,
      "license": "MIT or Apache-2.0",
      "optional": true,
      "os": [
        "darwin"
      ],
      "engines": {
        "node": ">=20"
      }
    },
    "node_modules/@postgres-language-server/cli-aarch64-linux-gnu": {
      "version": "0.18.0",
      "resolved": "https://registry.npmjs.org/@postgres-language-server/cli-aarch64-linux-gnu/-/cli-aarch64-linux-gnu-0.18.0.tgz",
      "integrity": "sha512-He2nVBPU5wIp4sYYwfjJG7TG13cJOrCqSYHtsGO4z+3UbKbbU9/U9SXc5bQabKJ2B8wEziFa7urfzYc4ehqIlQ==",
      "cpu": [
        "arm64"
      ],
      "dev": true,
      "license": "MIT or Apache-2.0",
      "optional": true,
      "os": [
        "linux"
      ],
      "engines": {
        "node": ">=20"
      }
    },
    "node_modules/@postgres-language-server/cli-aarch64-windows-msvc": {
      "version": "0.18.0",
      "resolved": "https://registry.npmjs.org/@postgres-language-server/cli-aarch64-windows-msvc/-/cli-aarch64-windows-msvc-0.18.0.tgz",
      "integrity": "sha512-a8MTTkY88SVc07C9V8Tz79SqTiJd5nxCwucQNhpWauMvAeTi5WrTycOtI1ISmN5BDQl9PemeJxkKc2TH2ox38g==",
      "cpu": [
        "arm64"
      ],
      "dev": true,
      "license": "MIT or Apache-2.0",
      "optional": true,
      "os": [
        "win32"
      ],
      "engines": {
        "node": ">=20"
      }
    },
    "node_modules/@postgres-language-server/cli-x86_64-apple-darwin": {
      "version": "0.18.0",
      "resolved": "https://registry.npmjs.org/@postgres-language-server/cli-x86_64-apple-darwin/-/cli-x86_64-apple-darwin-0.18.0.tgz",
      "integrity": "sha512-Pk+Nqvp7K3eEGLtW9hGGTjDUaG278ZaXybHg9SmThhZE3WUFfe5/KYxiA64d9P1Rs5X4Xy3gjpVanxR2ZDB6MA==",
      "cpu": [
        "x64"
      ],
      "dev": true,
      "license": "MIT or Apache-2.0",
      "optional": true,
      "os": [
        "darwin"
      ],
      "engines": {
        "node": ">=20"
      }
    },
    "node_modules/@postgres-language-server/cli-x86_64-linux-gnu": {
      "version": "0.18.0",
      "resolved": "https://registry.npmjs.org/@postgres-language-server/cli-x86_64-linux-gnu/-/cli-x86_64-linux-gnu-0.18.0.tgz",
      "integrity": "sha512-1OZb0q9z7HIG9iw5qfVltI2SfZXmNq+y0Cr5UkUz8m5WyKPI+YX4+kWFJmntFwPJ0phnZBpgdtoo/uiMHdsdLg==",
      "cpu": [
        "x64"
      ],
      "dev": true,
      "license": "MIT or Apache-2.0",
      "optional": true,
      "os": [
        "linux"
      ],
      "engines": {
        "node": ">=20"
      }
    },
    "node_modules/@postgres-language-server/cli-x86_64-linux-musl": {
      "version": "0.18.0",
      "resolved": "https://registry.npmjs.org/@postgres-language-server/cli-x86_64-linux-musl/-/cli-x86_64-linux-musl-0.18.0.tgz",
      "integrity": "sha512-eXnIoxlRDEc3KBPONgFfzhxBadDtUk797ytpQ4BrcYQfxTUNNqwQHm1w3riuUqNskNL+c3rfn1pSGHKL+BtVIg==",
      "cpu": [
        "x64"
      ],
      "dev": true,
      "license": "MIT or Apache-2.0",
      "optional": true,
      "os": [
        "linux"
      ],
      "engines": {
        "node": ">=20"
      }
    },
    "node_modules/@postgres-language-server/cli-x86_64-windows-msvc": {
      "version": "0.18.0",
      "resolved": "https://registry.npmjs.org/@postgres-language-server/cli-x86_64-windows-msvc/-/cli-x86_64-windows-msvc-0.18.0.tgz",
      "integrity": "sha512-lw6rQLh4d3aHnJ2AeJuMi0RSnyWlPORk9KZIpFRhWwE0utevRpnEvHSmwIOajMMwBU4sH9iRLu6FxYAY6Kkbqw==",
      "cpu": [
        "x64"
      ],
      "dev": true,
      "license": "MIT or Apache-2.0",
      "optional": true,
      "os": [
        "win32"
      ],
      "engines": {
        "node": ">=20"
      }
    }
  }
}
